
Microsoft Visual Studio Solution File, Format Version 12.00
# Visual Studio Version 17
VisualStudioVersion = 17.5.002.0
MinimumVisualStudioVersion = 10.0.40219.1
Project("{9A19103F-16F7-4668-BE54-9A1E7A4F7556}") = "CSharpFirstAssignment", "CSharpFirstAssignment.csproj", "{065AEE48-EC24-4530-9D73-CF6FF94C0D9C}"
EndProject
Project("{FAE04EC0-301F-11D3-BF4B-00C04F79EFBC}") = "LeetCode Challenges", "..\..\LeetCode Challenges\LeetCode Challenges.csproj", "{1857D79A-0864-4FE1-8E5E-DA1DFDEEBA26}"
EndProject
Global
	GlobalSection(SolutionConfigurationPlatforms) = preSolution
		Debug|Any CPU = Debug|Any CPU
		Release|Any CPU = Release|Any CPU
	EndGlobalSection
	GlobalSection(ProjectConfigurationPlatforms) = postSolution
		{065AEE48-EC24-4530-9D73-CF6FF94C0D9C}.Debug|Any CPU.ActiveCfg = Debug|Any CPU
		{065AEE48-EC24-4530-9D73-CF6FF94C0D9C}.Debug|Any CPU.Build.0 = Debug|Any CPU
		{065AEE48-EC24-4530-9D73-CF6FF94C0D9C}.Release|Any CPU.ActiveCfg = Release|Any CPU
		{065AEE48-EC24-4530-9D73-CF6FF94C0D9C}.Release|Any CPU.Build.0 = Release|Any CPU
		{1857D79A-0864-4FE1-8E5E-DA1DFDEEBA26}.Debug|Any CPU.ActiveCfg = Debug|Any CPU
		{1857D79A-0864-4FE1-8E5E-DA1DFDEEBA26}.Debug|Any CPU.Build.0 = Debug|Any CPU
		{1857D79A-0864-4FE1-8E5E-DA1DFDEEBA26}.Release|Any CPU.ActiveCfg = Release|Any CPU
		{1857D79A-0864-4FE1-8E5E-DA1DFDEEBA26}.Release|Any CPU.Build.0 = Release|Any CPU
	EndGlobalSection
	GlobalSection(SolutionProperties) = preSolution
		HideSolutionNode = FALSE
	EndGlobalSection
	GlobalSection(ExtensibilityGlobals) = postSolution
		SolutionGuid = {F7CD20CC-AA1F-491D-A59B-E31FA41C730C}
	EndGlobalSection
EndGlobal
